
Microsoft Visual Studio Solution File, Format Version 12.00
# Visual Studio 2012
Project("{FAE04EC0-301F-11D3-BF4B-00C04F79EFBC}") = "BWWalkthrough", "BWWalkthrough\BWWalkthrough.csproj", "{2F98DABB-45D7-41A2-AB47-D171AEB7DCF3}"
EndProject
Project("{FAE04EC0-301F-11D3-BF4B-00C04F79EFBC}") = "sample", "sample\sample\sample.csproj", "{5059372D-A0FA-4313-9335-B83D9C465C1A}"
EndProject
Global
	GlobalSection(SolutionConfigurationPlatforms) = preSolution
		Debug|Any CPU = Debug|Any CPU
		Release|Any CPU = Release|Any CPU
		Debug|iPhoneSimulator = Debug|iPhoneSimulator
		Release|iPhone = Release|iPhone
		Release|iPhoneSimulator = Release|iPhoneSimulator
		Debug|iPhone = Debug|iPhone
	EndGlobalSection
	GlobalSection(ProjectConfigurationPlatforms) = postSolution
		{2F98DABB-45D7-41A2-AB47-D171AEB7DCF3}.Debug|Any CPU.ActiveCfg = Debug|Any CPU
		{2F98DABB-45D7-41A2-AB47-D171AEB7DCF3}.Debug|Any CPU.Build.0 = Debug|Any CPU
		{2F98DABB-45D7-41A2-AB47-D171AEB7DCF3}.Release|Any CPU.ActiveCfg = Release|Any CPU
		{2F98DABB-45D7-41A2-AB47-D171AEB7DCF3}.Release|Any CPU.Build.0 = Release|Any CPU
		{2F98DABB-45D7-41A2-AB47-D171AEB7DCF3}.Debug|iPhoneSimulator.ActiveCfg = Debug|Any CPU
		{2F98DABB-45D7-41A2-AB47-D171AEB7DCF3}.Debug|iPhoneSimulator.Build.0 = Debug|Any CPU
		{2F98DABB-45D7-41A2-AB47-D171AEB7DCF3}.Release|iPhone.ActiveCfg = Release|Any CPU
		{2F98DABB-45D7-41A2-AB47-D171AEB7DCF3}.Release|iPhone.Build.0 = Release|Any CPU
		{2F98DABB-45D7-41A2-AB47-D171AEB7DCF3}.Release|iPhoneSimulator.ActiveCfg = Release|Any CPU
		{2F98DABB-45D7-41A2-AB47-D171AEB7DCF3}.Release|iPhoneSimulator.Build.0 = Release|Any CPU
		{2F98DABB-45D7-41A2-AB47-D171AEB7DCF3}.Debug|iPhone.ActiveCfg = Debug|Any CPU
		{2F98DABB-45D7-41A2-AB47-D171AEB7DCF3}.Debug|iPhone.Build.0 = Debug|Any CPU
		{5059372D-A0FA-4313-9335-B83D9C465C1A}.Debug|Any CPU.ActiveCfg = Debug|iPhoneSimulator
		{5059372D-A0FA-4313-9335-B83D9C465C1A}.Debug|Any CPU.Build.0 = Debug|iPhoneSimulator
		{5059372D-A0FA-4313-9335-B83D9C465C1A}.Release|Any CPU.ActiveCfg = Release|iPhone
		{5059372D-A0FA-4313-9335-B83D9C465C1A}.Release|Any CPU.Build.0 = Release|iPhone
		{5059372D-A0FA-4313-9335-B83D9C465C1A}.Debug|iPhoneSimulator.ActiveCfg = Debug|iPhoneSimulator
		{5059372D-A0FA-4313-9335-B83D9C465C1A}.Debug|iPhoneSimulator.Build.0 = Debug|iPhoneSimulator
		{5059372D-A0FA-4313-9335-B83D9C465C1A}.Release|iPhone.ActiveCfg = Release|iPhone
		{5059372D-A0FA-4313-9335-B83D9C465C1A}.Release|iPhone.Build.0 = Release|iPhone
		{5059372D-A0FA-4313-9335-B83D9C465C1A}.Release|iPhoneSimulator.ActiveCfg = Release|iPhoneSimulator
		{5059372D-A0FA-4313-9335-B83D9C465C1A}.Release|iPhoneSimulator.Build.0 = Release|iPhoneSimulator
		{5059372D-A0FA-4313-9335-B83D9C465C1A}.Debug|iPhone.ActiveCfg = Debug|iPhone
		{5059372D-A0FA-4313-9335-B83D9C465C1A}.Debug|iPhone.Build.0 = Debug|iPhone
	EndGlobalSection
EndGlobal
